
Microsoft Visual Studio Solution File, Format Version 12.00
# Visual Studio Version 16
VisualStudioVersion = 16.0.30503.244
MinimumVisualStudioVersion = 10.0.40219.1
Project("{888888A0-9F3D-457C-B088-3A5042F75D52}") = "BackendPart", "BackendPart\BackendPart.pyproj", "{AEFCC0E6-574B-476A-A602-5D6003B40526}"
EndProject
Global
	GlobalSection(SolutionConfigurationPlatforms) = preSolution
		Debug|Any CPU = Debug|Any CPU
		Release|Any CPU = Release|Any CPU
	EndGlobalSection
	GlobalSection(ProjectConfigurationPlatforms) = postSolution
		{AEFCC0E6-574B-476A-A602-5D6003B40526}.Debug|Any CPU.ActiveCfg = Debug|Any CPU
		{AEFCC0E6-574B-476A-A602-5D6003B40526}.Release|Any CPU.ActiveCfg = Release|Any CPU
	EndGlobalSection
	GlobalSection(SolutionProperties) = preSolution
		HideSolutionNode = FALSE
	EndGlobalSection
	GlobalSection(ExtensibilityGlobals) = postSolution
		SolutionGuid = {F2B8EB4F-F748-4958-99B4-8B208B2EDC1A}
	EndGlobalSection
EndGlobal
